
Microsoft Visual Studio Solution File, Format Version 12.00
# Visual Studio 15
Project("{FAE04EC0-301F-11D3-BF4B-00C04F79EFBC}") = "Assembly-CSharp", "Assembly-CSharp.csproj", "{2315CBB7-1F63-C2C8-1887-8D63928E25C1}"
EndProject
Project("{FAE04EC0-301F-11D3-BF4B-00C04F79EFBC}") = "Assembly-CSharp-firstpass", "Assembly-CSharp-firstpass.csproj", "{4188A616-F736-8628-881D-C804B54900EC}"
EndProject
Project("{FAE04EC0-301F-11D3-BF4B-00C04F79EFBC}") = "Assembly-CSharp-Editor-firstpass", "Assembly-CSharp-Editor-firstpass.csproj", "{BB2E4950-B219-AAA5-07C7-1E441AAE2244}"
EndProject
Global
	GlobalSection(SolutionConfigurationPlatforms) = preSolution
		Debug|Any CPU = Debug|Any CPU
		Release|Any CPU = Release|Any CPU
	EndGlobalSection
	GlobalSection(ProjectConfigurationPlatforms) = postSolution
		{2315CBB7-1F63-C2C8-1887-8D63928E25C1}.Debug|Any CPU.ActiveCfg = Debug|Any CPU
		{2315CBB7-1F63-C2C8-1887-8D63928E25C1}.Debug|Any CPU.Build.0 = Debug|Any CPU
		{2315CBB7-1F63-C2C8-1887-8D63928E25C1}.Release|Any CPU.ActiveCfg = Release|Any CPU
		{2315CBB7-1F63-C2C8-1887-8D63928E25C1}.Release|Any CPU.Build.0 = Release|Any CPU
		{4188A616-F736-8628-881D-C804B54900EC}.Debug|Any CPU.ActiveCfg = Debug|Any CPU
		{4188A616-F736-8628-881D-C804B54900EC}.Debug|Any CPU.Build.0 = Debug|Any CPU
		{4188A616-F736-8628-881D-C804B54900EC}.Release|Any CPU.ActiveCfg = Release|Any CPU
		{4188A616-F736-8628-881D-C804B54900EC}.Release|Any CPU.Build.0 = Release|Any CPU
		{BB2E4950-B219-AAA5-07C7-1E441AAE2244}.Debug|Any CPU.ActiveCfg = Debug|Any CPU
		{BB2E4950-B219-AAA5-07C7-1E441AAE2244}.Debug|Any CPU.Build.0 = Debug|Any CPU
		{BB2E4950-B219-AAA5-07C7-1E441AAE2244}.Release|Any CPU.ActiveCfg = Release|Any CPU
		{BB2E4950-B219-AAA5-07C7-1E441AAE2244}.Release|Any CPU.Build.0 = Release|Any CPU
	EndGlobalSection
	GlobalSection(SolutionProperties) = preSolution
		HideSolutionNode = FALSE
	EndGlobalSection
EndGlobal
