
Microsoft Visual Studio Solution File, Format Version 12.00
# Visual Studio 15
Project("{FAE04EC0-301F-11D3-BF4B-00C04F79EFBC}") = "Assembly-CSharp", "Assembly-CSharp.csproj", "{7FB0F8F2-BB46-6223-960F-5C8A2144B404}"
EndProject
Project("{FAE04EC0-301F-11D3-BF4B-00C04F79EFBC}") = "Assembly-CSharp-firstpass", "Assembly-CSharp-firstpass.csproj", "{57F44D0A-6FB6-0CD4-6EED-B77BCDC4FB00}"
EndProject
Project("{FAE04EC0-301F-11D3-BF4B-00C04F79EFBC}") = "Assembly-CSharp-Editor-firstpass", "Assembly-CSharp-Editor-firstpass.csproj", "{76B952EC-49CD-1BC4-842E-877DEF2086EE}"
EndProject
Global
	GlobalSection(SolutionConfigurationPlatforms) = preSolution
		Debug|Any CPU = Debug|Any CPU
		Release|Any CPU = Release|Any CPU
	EndGlobalSection
	GlobalSection(ProjectConfigurationPlatforms) = postSolution
		{7FB0F8F2-BB46-6223-960F-5C8A2144B404}.Debug|Any CPU.ActiveCfg = Debug|Any CPU
		{7FB0F8F2-BB46-6223-960F-5C8A2144B404}.Debug|Any CPU.Build.0 = Debug|Any CPU
		{7FB0F8F2-BB46-6223-960F-5C8A2144B404}.Release|Any CPU.ActiveCfg = Release|Any CPU
		{7FB0F8F2-BB46-6223-960F-5C8A2144B404}.Release|Any CPU.Build.0 = Release|Any CPU
		{57F44D0A-6FB6-0CD4-6EED-B77BCDC4FB00}.Debug|Any CPU.ActiveCfg = Debug|Any CPU
		{57F44D0A-6FB6-0CD4-6EED-B77BCDC4FB00}.Debug|Any CPU.Build.0 = Debug|Any CPU
		{57F44D0A-6FB6-0CD4-6EED-B77BCDC4FB00}.Release|Any CPU.ActiveCfg = Release|Any CPU
		{57F44D0A-6FB6-0CD4-6EED-B77BCDC4FB00}.Release|Any CPU.Build.0 = Release|Any CPU
		{76B952EC-49CD-1BC4-842E-877DEF2086EE}.Debug|Any CPU.ActiveCfg = Debug|Any CPU
		{76B952EC-49CD-1BC4-842E-877DEF2086EE}.Debug|Any CPU.Build.0 = Debug|Any CPU
		{76B952EC-49CD-1BC4-842E-877DEF2086EE}.Release|Any CPU.ActiveCfg = Release|Any CPU
		{76B952EC-49CD-1BC4-842E-877DEF2086EE}.Release|Any CPU.Build.0 = Release|Any CPU
	EndGlobalSection
	GlobalSection(SolutionProperties) = preSolution
		HideSolutionNode = FALSE
	EndGlobalSection
EndGlobal
